
Microsoft Visual Studio Solution File, Format Version 12.00
# Visual Studio Version 17
VisualStudioVersion = 17.8.34330.188
MinimumVisualStudioVersion = 10.0.40219.1
Project("{FAE04EC0-301F-11D3-BF4B-00C04F79EFBC}") = "SiteInvestidorDez", "SiteInvestidorDez\SiteInvestidorDez.csproj", "{FFB8018C-83E4-4B91-BCFB-A0ED6558A3CF}"
EndProject
Global
	GlobalSection(SolutionConfigurationPlatforms) = preSolution
		Debug|Any CPU = Debug|Any CPU
		Release|Any CPU = Release|Any CPU
	EndGlobalSection
	GlobalSection(ProjectConfigurationPlatforms) = postSolution
		{FFB8018C-83E4-4B91-BCFB-A0ED6558A3CF}.Debug|Any CPU.ActiveCfg = Debug|Any CPU
		{FFB8018C-83E4-4B91-BCFB-A0ED6558A3CF}.Debug|Any CPU.Build.0 = Debug|Any CPU
		{FFB8018C-83E4-4B91-BCFB-A0ED6558A3CF}.Release|Any CPU.ActiveCfg = Release|Any CPU
		{FFB8018C-83E4-4B91-BCFB-A0ED6558A3CF}.Release|Any CPU.Build.0 = Release|Any CPU
	EndGlobalSection
	GlobalSection(SolutionProperties) = preSolution
		HideSolutionNode = FALSE
	EndGlobalSection
	GlobalSection(ExtensibilityGlobals) = postSolution
		SolutionGuid = {243C53DE-32CC-46D8-BBBA-6461DE578DB1}
	EndGlobalSection
EndGlobal
